
Microsoft Visual Studio Solution File, Format Version 12.00
# Visual Studio 2015
Project("{FAE04EC0-301F-11D3-BF4B-00C04F79EFBC}") = "Assembly-CSharp", "Assembly-CSharp.csproj", "{4E4BAF28-6578-668B-2E62-EEFB348EFAA3}"
EndProject
Global
	GlobalSection(SolutionConfigurationPlatforms) = preSolution
		Debug|Any CPU = Debug|Any CPU
		Release|Any CPU = Release|Any CPU
	EndGlobalSection
	GlobalSection(ProjectConfigurationPlatforms) = postSolution
		{4E4BAF28-6578-668B-2E62-EEFB348EFAA3}.Debug|Any CPU.ActiveCfg = Debug|Any CPU
		{4E4BAF28-6578-668B-2E62-EEFB348EFAA3}.Debug|Any CPU.Build.0 = Debug|Any CPU
		{4E4BAF28-6578-668B-2E62-EEFB348EFAA3}.Release|Any CPU.ActiveCfg = Release|Any CPU
		{4E4BAF28-6578-668B-2E62-EEFB348EFAA3}.Release|Any CPU.Build.0 = Release|Any CPU
	EndGlobalSection
	GlobalSection(SolutionProperties) = preSolution
		HideSolutionNode = FALSE
	EndGlobalSection
EndGlobal
